
Microsoft Visual Studio Solution File, Format Version 12.00
# Visual Studio Version 17
VisualStudioVersion = 17.11.35327.3
MinimumVisualStudioVersion = 10.0.40219.1
Project("{FAE04EC0-301F-11D3-BF4B-00C04F79EFBC}") = "AB.Entities", "AB.Entities\AB.Entities.csproj", "{8853F3AA-6CAA-4CFF-8E84-5FA242391ED7}"
EndProject
Project("{FAE04EC0-301F-11D3-BF4B-00C04F79EFBC}") = "AB.DAL", "AB.DAL\AB.DAL.csproj", "{AFBF319E-B01E-4817-9A20-8F923B2B55EB}"
EndProject
Project("{FAE04EC0-301F-11D3-BF4B-00C04F79EFBC}") = "AB.BL", "AB.BL\AB.BL.csproj", "{BF66DC13-2EF5-402F-9E0F-31223ADFC935}"
EndProject
Project("{FAE04EC0-301F-11D3-BF4B-00C04F79EFBC}") = "AB.MVC", "AB.MVC\AB.MVC.csproj", "{8667835F-A11E-475A-94A9-C6BF7A6B8A34}"
EndProject
Project("{FAE04EC0-301F-11D3-BF4B-00C04F79EFBC}") = "AB.RazorPages", "AB.RazorPages\AB.RazorPages.csproj", "{D0AEAC6F-FAC6-4E94-ACC3-4765EC8AC050}"
EndProject
Global
	GlobalSection(SolutionConfigurationPlatforms) = preSolution
		Debug|Any CPU = Debug|Any CPU
		Release|Any CPU = Release|Any CPU
	EndGlobalSection
	GlobalSection(ProjectConfigurationPlatforms) = postSolution
		{8853F3AA-6CAA-4CFF-8E84-5FA242391ED7}.Debug|Any CPU.ActiveCfg = Debug|Any CPU
		{8853F3AA-6CAA-4CFF-8E84-5FA242391ED7}.Debug|Any CPU.Build.0 = Debug|Any CPU
		{8853F3AA-6CAA-4CFF-8E84-5FA242391ED7}.Release|Any CPU.ActiveCfg = Release|Any CPU
		{8853F3AA-6CAA-4CFF-8E84-5FA242391ED7}.Release|Any CPU.Build.0 = Release|Any CPU
		{AFBF319E-B01E-4817-9A20-8F923B2B55EB}.Debug|Any CPU.ActiveCfg = Debug|Any CPU
		{AFBF319E-B01E-4817-9A20-8F923B2B55EB}.Debug|Any CPU.Build.0 = Debug|Any CPU
		{AFBF319E-B01E-4817-9A20-8F923B2B55EB}.Release|Any CPU.ActiveCfg = Release|Any CPU
		{AFBF319E-B01E-4817-9A20-8F923B2B55EB}.Release|Any CPU.Build.0 = Release|Any CPU
		{BF66DC13-2EF5-402F-9E0F-31223ADFC935}.Debug|Any CPU.ActiveCfg = Debug|Any CPU
		{BF66DC13-2EF5-402F-9E0F-31223ADFC935}.Debug|Any CPU.Build.0 = Debug|Any CPU
		{BF66DC13-2EF5-402F-9E0F-31223ADFC935}.Release|Any CPU.ActiveCfg = Release|Any CPU
		{BF66DC13-2EF5-402F-9E0F-31223ADFC935}.Release|Any CPU.Build.0 = Release|Any CPU
		{8667835F-A11E-475A-94A9-C6BF7A6B8A34}.Debug|Any CPU.ActiveCfg = Debug|Any CPU
		{8667835F-A11E-475A-94A9-C6BF7A6B8A34}.Debug|Any CPU.Build.0 = Debug|Any CPU
		{8667835F-A11E-475A-94A9-C6BF7A6B8A34}.Release|Any CPU.ActiveCfg = Release|Any CPU
		{8667835F-A11E-475A-94A9-C6BF7A6B8A34}.Release|Any CPU.Build.0 = Release|Any CPU
		{D0AEAC6F-FAC6-4E94-ACC3-4765EC8AC050}.Debug|Any CPU.ActiveCfg = Debug|Any CPU
		{D0AEAC6F-FAC6-4E94-ACC3-4765EC8AC050}.Debug|Any CPU.Build.0 = Debug|Any CPU
		{D0AEAC6F-FAC6-4E94-ACC3-4765EC8AC050}.Release|Any CPU.ActiveCfg = Release|Any CPU
		{D0AEAC6F-FAC6-4E94-ACC3-4765EC8AC050}.Release|Any CPU.Build.0 = Release|Any CPU
	EndGlobalSection
	GlobalSection(SolutionProperties) = preSolution
		HideSolutionNode = FALSE
	EndGlobalSection
	GlobalSection(ExtensibilityGlobals) = postSolution
		SolutionGuid = {6B34267A-313D-4559-9394-0BF2964BB29B}
	EndGlobalSection
EndGlobal
